
Microsoft Visual Studio Solution File, Format Version 12.00
# Visual Studio Version 17
VisualStudioVersion = 17.1.32210.238
MinimumVisualStudioVersion = 10.0.40219.1
Project("{F184B08F-C81C-45F6-A57F-5ABD9991F28F}") = "ResultVisualBasic", "ResultVisualBasic\ResultVisualBasic.vbproj", "{921C89ED-EF04-4D5C-AB7A-E9B19CFE3B81}"
EndProject
Project("{F184B08F-C81C-45F6-A57F-5ABD9991F28F}") = "ResultVisualBasicTest", "ResultVisualBasicTest\ResultVisualBasicTest.vbproj", "{C0319640-85D0-4BB3-A7B9-3771C6AFD6EF}"
EndProject
Global
	GlobalSection(SolutionConfigurationPlatforms) = preSolution
		Debug|Any CPU = Debug|Any CPU
		Release|Any CPU = Release|Any CPU
	EndGlobalSection
	GlobalSection(ProjectConfigurationPlatforms) = postSolution
		{921C89ED-EF04-4D5C-AB7A-E9B19CFE3B81}.Debug|Any CPU.ActiveCfg = Debug|Any CPU
		{921C89ED-EF04-4D5C-AB7A-E9B19CFE3B81}.Debug|Any CPU.Build.0 = Debug|Any CPU
		{921C89ED-EF04-4D5C-AB7A-E9B19CFE3B81}.Release|Any CPU.ActiveCfg = Release|Any CPU
		{921C89ED-EF04-4D5C-AB7A-E9B19CFE3B81}.Release|Any CPU.Build.0 = Release|Any CPU
		{C0319640-85D0-4BB3-A7B9-3771C6AFD6EF}.Debug|Any CPU.ActiveCfg = Debug|Any CPU
		{C0319640-85D0-4BB3-A7B9-3771C6AFD6EF}.Debug|Any CPU.Build.0 = Debug|Any CPU
		{C0319640-85D0-4BB3-A7B9-3771C6AFD6EF}.Release|Any CPU.ActiveCfg = Release|Any CPU
		{C0319640-85D0-4BB3-A7B9-3771C6AFD6EF}.Release|Any CPU.Build.0 = Release|Any CPU
	EndGlobalSection
	GlobalSection(SolutionProperties) = preSolution
		HideSolutionNode = FALSE
	EndGlobalSection
	GlobalSection(ExtensibilityGlobals) = postSolution
		SolutionGuid = {4C4CEB18-CFCB-4D83-BA1A-4B583B9D97D5}
	EndGlobalSection
EndGlobal
